{
  "lockfile_version": "1",
  "packages": {
    "python@3.12": {
      "last_modified": "2025-09-18T16:33:27Z",
      "plugin_version": "0.0.4",
      "resolved": "github:NixOS/nixpkgs/f4b140d5b253f5e2a1ff4e5506edbf8267724bde#python312",
      "source": "devbox-search",
      "version": "3.12.11",
      "systems": {
        "aarch64-darwin": {
          "outputs": [
            {
              "name": "out",
              "path": "/nix/store/y6hx9cmhnnypdwqy8i5knrzk9lx88mwv-python3-3.12.11",
              "default": true
            }
          ],
          "store_path": "/nix/store/y6hx9cmhnnypdwqy8i5knrzk9lx88mwv-python3-3.12.11"
        },
        "aarch64-linux": {
          "outputs": [
            {
              "name": "out",
              "path": "/nix/store/fnxv8pc5hsxx9qm8xb9w25i1r3cvsxw9-python3-3.12.11",
              "default": true
            },
            {
              "name": "debug",
              "path": "/nix/store/vfgxfmclfi1pmq2r8km6lqfl0ypd1p9w-python3-3.12.11-debug"
            }
          ],
          "store_path": "/nix/store/fnxv8pc5hsxx9qm8xb9w25i1r3cvsxw9-python3-3.12.11"
        },
        "x86_64-darwin": {
          "outputs": [
            {
              "name": "out",
              "path": "/nix/store/b6v9c1s74p34vlvhi9yafjyq728wjyqp-python3-3.12.11",
              "default": true
            }
          ],
          "store_path": "/nix/store/b6v9c1s74p34vlvhi9yafjyq728wjyqp-python3-3.12.11"
        },
        "x86_64-linux": {
          "outputs": [
            {
              "name": "out",
              "path": "/nix/store/zsbkvanzzx4dd5va9ivsx83rs12d4dsv-python3-3.12.11",
              "default": true
            },
            {
              "name": "debug",
              "path": "/nix/store/1dzwa80xvjxc4syiyfibj89k3vwxqg4y-python3-3.12.11-debug"
            }
          ],
          "store_path": "/nix/store/zsbkvanzzx4dd5va9ivsx83rs12d4dsv-python3-3.12.11"
        }
      }
    }
  }
}
